{
    "_readme": [
        "This file locks the dependencies of your project to a known state",
        "Read more about it at http://getcomposer.org/doc/01-basic-usage.md#composer-lock-the-lock-file",
        "This file is @generated automatically"
    ],
    "hash": "9f4f82a907f80ed233a62c25343532fb",
    "packages": [
        {
            "name": "kanti/hub-updater",
            "version": "v0.3.0",
            "source": {
                "type": "git",
                "url": "https://github.com/Kanti/hub-updater.git",
                "reference": "c520b71d9e836932e67bae7177b9a8bc49dda032"
            },
            "dist": {
                "type": "zip",
                "url": "https://api.github.com/repos/Kanti/hub-updater/zipball/c520b71d9e836932e67bae7177b9a8bc49dda032",
                "reference": "c520b71d9e836932e67bae7177b9a8bc49dda032",
                "shasum": ""
            },
            "require": {
                "php": ">=5.3.0"
            },
            "type": "library",
            "autoload": {
                "psr-4": {
                    "Kanti\\": ""
                }
            },
            "notification-url": "https://packagist.org/downloads/",
            "license": [
                "GPL-2.0"
            ],
            "authors": [
                {
                    "name": "Kanti",
                    "email": "git@kanti.de",
                    "homepage": "https://kanti.de",
                    "role": "Developer"
                }
            ],
            "description": "Simple Github Updater for Web Projects",
            "time": "2014-12-12 17:28:13"
        }
    ],
    "packages-dev": [],
    "aliases": [],
    "minimum-stability": "stable",
    "stability-flags": [],
    "prefer-stable": false,
    "platform": [],
    "platform-dev": []
}
